
Microsoft Visual Studio Solution File, Format Version 12.00
# Visual Studio Version 16
VisualStudioVersion = 16.0.31729.503
MinimumVisualStudioVersion = 10.0.40219.1
Project("{FAE04EC0-301F-11D3-BF4B-00C04F79EFBC}") = "LavinM_WxApp", "LavinM_WxApp\LavinM_WxApp.csproj", "{47963E4A-3C14-465F-B189-6D38809AC27A}"
EndProject
Global
	GlobalSection(SolutionConfigurationPlatforms) = preSolution
		Debug|Any CPU = Debug|Any CPU
		Release|Any CPU = Release|Any CPU
	EndGlobalSection
	GlobalSection(ProjectConfigurationPlatforms) = postSolution
		{47963E4A-3C14-465F-B189-6D38809AC27A}.Debug|Any CPU.ActiveCfg = Debug|Any CPU
		{47963E4A-3C14-465F-B189-6D38809AC27A}.Debug|Any CPU.Build.0 = Debug|Any CPU
		{47963E4A-3C14-465F-B189-6D38809AC27A}.Release|Any CPU.ActiveCfg = Release|Any CPU
		{47963E4A-3C14-465F-B189-6D38809AC27A}.Release|Any CPU.Build.0 = Release|Any CPU
	EndGlobalSection
	GlobalSection(SolutionProperties) = preSolution
		HideSolutionNode = FALSE
	EndGlobalSection
	GlobalSection(ExtensibilityGlobals) = postSolution
		SolutionGuid = {129B6A48-61D3-43C7-8F17-A5EA52E0354D}
	EndGlobalSection
EndGlobal
